
Microsoft Visual Studio Solution File, Format Version 12.00
# Visual Studio Version 16
VisualStudioVersion = 16.0.30621.155
MinimumVisualStudioVersion = 10.0.40219.1
Project("{FAE04EC0-301F-11D3-BF4B-00C04F79EFBC}") = "FQW.Algorithms", "FQW.Algorithms\FQW.Algorithms.csproj", "{F565DC92-A645-4337-8F79-A609CF7FE741}"
EndProject
Project("{FAE04EC0-301F-11D3-BF4B-00C04F79EFBC}") = "FQW.Cmd", "FQW.Cmd\FQW.Cmd.csproj", "{FC2B4D0C-4ACE-4E61-933A-705A306FDF98}"
EndProject
Global
	GlobalSection(SolutionConfigurationPlatforms) = preSolution
		Debug|Any CPU = Debug|Any CPU
		Release|Any CPU = Release|Any CPU
	EndGlobalSection
	GlobalSection(ProjectConfigurationPlatforms) = postSolution
		{F565DC92-A645-4337-8F79-A609CF7FE741}.Debug|Any CPU.ActiveCfg = Debug|Any CPU
		{F565DC92-A645-4337-8F79-A609CF7FE741}.Debug|Any CPU.Build.0 = Debug|Any CPU
		{F565DC92-A645-4337-8F79-A609CF7FE741}.Release|Any CPU.ActiveCfg = Release|Any CPU
		{F565DC92-A645-4337-8F79-A609CF7FE741}.Release|Any CPU.Build.0 = Release|Any CPU
		{FC2B4D0C-4ACE-4E61-933A-705A306FDF98}.Debug|Any CPU.ActiveCfg = Debug|Any CPU
		{FC2B4D0C-4ACE-4E61-933A-705A306FDF98}.Debug|Any CPU.Build.0 = Debug|Any CPU
		{FC2B4D0C-4ACE-4E61-933A-705A306FDF98}.Release|Any CPU.ActiveCfg = Release|Any CPU
		{FC2B4D0C-4ACE-4E61-933A-705A306FDF98}.Release|Any CPU.Build.0 = Release|Any CPU
	EndGlobalSection
	GlobalSection(SolutionProperties) = preSolution
		HideSolutionNode = FALSE
	EndGlobalSection
	GlobalSection(ExtensibilityGlobals) = postSolution
		SolutionGuid = {88386E78-076D-4C09-94D5-FE6C6A64540E}
	EndGlobalSection
EndGlobal
